
Microsoft Visual Studio Solution File, Format Version 12.00
# Visual Studio Version 17
VisualStudioVersion = 17.9.34728.123
MinimumVisualStudioVersion = 10.0.40219.1
Project("{8BC9CEB8-8B4A-11D0-8D11-00A0C91BC942}") = "Q2", "Q2.vcxproj", "{27FBC952-5926-46A5-9529-F8D1EEA10945}"
EndProject
Global
	GlobalSection(SolutionConfigurationPlatforms) = preSolution
		Debug|x64 = Debug|x64
		Debug|x86 = Debug|x86
		Release|x64 = Release|x64
		Release|x86 = Release|x86
	EndGlobalSection
	GlobalSection(ProjectConfigurationPlatforms) = postSolution
		{27FBC952-5926-46A5-9529-F8D1EEA10945}.Debug|x64.ActiveCfg = Debug|x64
		{27FBC952-5926-46A5-9529-F8D1EEA10945}.Debug|x64.Build.0 = Debug|x64
		{27FBC952-5926-46A5-9529-F8D1EEA10945}.Debug|x86.ActiveCfg = Debug|Win32
		{27FBC952-5926-46A5-9529-F8D1EEA10945}.Debug|x86.Build.0 = Debug|Win32
		{27FBC952-5926-46A5-9529-F8D1EEA10945}.Release|x64.ActiveCfg = Release|x64
		{27FBC952-5926-46A5-9529-F8D1EEA10945}.Release|x64.Build.0 = Release|x64
		{27FBC952-5926-46A5-9529-F8D1EEA10945}.Release|x86.ActiveCfg = Release|Win32
		{27FBC952-5926-46A5-9529-F8D1EEA10945}.Release|x86.Build.0 = Release|Win32
	EndGlobalSection
	GlobalSection(SolutionProperties) = preSolution
		HideSolutionNode = FALSE
	EndGlobalSection
	GlobalSection(ExtensibilityGlobals) = postSolution
		SolutionGuid = {784EBE8C-3D56-40BA-8A4C-57E3750866B1}
	EndGlobalSection
EndGlobal
