
Microsoft Visual Studio Solution File, Format Version 12.00
# Visual Studio Version 17
VisualStudioVersion = 17.9.34728.123
MinimumVisualStudioVersion = 10.0.40219.1
Project("{8BC9CEB8-8B4A-11D0-8D11-00A0C91BC942}") = "Q6", "Q6.vcxproj", "{F254372F-966A-4C27-B60A-F3D76FE2BCBF}"
EndProject
Global
	GlobalSection(SolutionConfigurationPlatforms) = preSolution
		Debug|x64 = Debug|x64
		Debug|x86 = Debug|x86
		Release|x64 = Release|x64
		Release|x86 = Release|x86
	EndGlobalSection
	GlobalSection(ProjectConfigurationPlatforms) = postSolution
		{F254372F-966A-4C27-B60A-F3D76FE2BCBF}.Debug|x64.ActiveCfg = Debug|x64
		{F254372F-966A-4C27-B60A-F3D76FE2BCBF}.Debug|x64.Build.0 = Debug|x64
		{F254372F-966A-4C27-B60A-F3D76FE2BCBF}.Debug|x86.ActiveCfg = Debug|Win32
		{F254372F-966A-4C27-B60A-F3D76FE2BCBF}.Debug|x86.Build.0 = Debug|Win32
		{F254372F-966A-4C27-B60A-F3D76FE2BCBF}.Release|x64.ActiveCfg = Release|x64
		{F254372F-966A-4C27-B60A-F3D76FE2BCBF}.Release|x64.Build.0 = Release|x64
		{F254372F-966A-4C27-B60A-F3D76FE2BCBF}.Release|x86.ActiveCfg = Release|Win32
		{F254372F-966A-4C27-B60A-F3D76FE2BCBF}.Release|x86.Build.0 = Release|Win32
	EndGlobalSection
	GlobalSection(SolutionProperties) = preSolution
		HideSolutionNode = FALSE
	EndGlobalSection
	GlobalSection(ExtensibilityGlobals) = postSolution
		SolutionGuid = {1587C54A-A0CB-4D0C-961C-4574E9936244}
	EndGlobalSection
EndGlobal
